
Microsoft Visual Studio Solution File, Format Version 12.00
# Visual Studio 15
VisualStudioVersion = 15.0.26430.6
MinimumVisualStudioVersion = 10.0.40219.1
Project("{FAE04EC0-301F-11D3-BF4B-00C04F79EFBC}") = "JsonRpc.Standard", "JsonRpc.Standard\JsonRpc.Standard.csproj", "{F8154EF9-1CCE-4D88-88C5-0F6BE293482C}"
EndProject
Project("{FAE04EC0-301F-11D3-BF4B-00C04F79EFBC}") = "UnitTestProject1", "UnitTestProject1\UnitTestProject1.csproj", "{4001216A-ED6F-415A-83C8-F13328A9141C}"
EndProject
Project("{FAE04EC0-301F-11D3-BF4B-00C04F79EFBC}") = "ConsoleTestApp", "ConsoleTestApp\ConsoleTestApp.csproj", "{A222E38E-FDBE-4D45-B6EC-C370F4FF2122}"
EndProject
Project("{FAE04EC0-301F-11D3-BF4B-00C04F79EFBC}") = "JsonRpc.AspNetCore", "JsonRpc.AspNetCore\JsonRpc.AspNetCore.csproj", "{AC24E3C2-E5DA-4F7F-89D9-510390E619C1}"
EndProject
Project("{FAE04EC0-301F-11D3-BF4B-00C04F79EFBC}") = "WebTestApplication", "WebTestApplication\WebTestApplication.csproj", "{AC2EF87E-E04F-4917-9A0F-FD59254AA4E3}"
EndProject
Project("{9A19103F-16F7-4668-BE54-9A1E7A4F7556}") = "JsonRpc.Streams", "JsonRpc.Streams\JsonRpc.Streams.csproj", "{08D888AE-4E02-4EE3-BE7F-E832B0BFAD3E}"
EndProject
Global
	GlobalSection(SolutionConfigurationPlatforms) = preSolution
		Debug|Any CPU = Debug|Any CPU
		Release|Any CPU = Release|Any CPU
	EndGlobalSection
	GlobalSection(ProjectConfigurationPlatforms) = postSolution
		{F8154EF9-1CCE-4D88-88C5-0F6BE293482C}.Debug|Any CPU.ActiveCfg = Debug|Any CPU
		{F8154EF9-1CCE-4D88-88C5-0F6BE293482C}.Debug|Any CPU.Build.0 = Debug|Any CPU
		{F8154EF9-1CCE-4D88-88C5-0F6BE293482C}.Release|Any CPU.ActiveCfg = Release|Any CPU
		{F8154EF9-1CCE-4D88-88C5-0F6BE293482C}.Release|Any CPU.Build.0 = Release|Any CPU
		{4001216A-ED6F-415A-83C8-F13328A9141C}.Debug|Any CPU.ActiveCfg = Debug|Any CPU
		{4001216A-ED6F-415A-83C8-F13328A9141C}.Debug|Any CPU.Build.0 = Debug|Any CPU
		{4001216A-ED6F-415A-83C8-F13328A9141C}.Release|Any CPU.ActiveCfg = Release|Any CPU
		{4001216A-ED6F-415A-83C8-F13328A9141C}.Release|Any CPU.Build.0 = Release|Any CPU
		{A222E38E-FDBE-4D45-B6EC-C370F4FF2122}.Debug|Any CPU.ActiveCfg = Debug|Any CPU
		{A222E38E-FDBE-4D45-B6EC-C370F4FF2122}.Debug|Any CPU.Build.0 = Debug|Any CPU
		{A222E38E-FDBE-4D45-B6EC-C370F4FF2122}.Release|Any CPU.ActiveCfg = Release|Any CPU
		{A222E38E-FDBE-4D45-B6EC-C370F4FF2122}.Release|Any CPU.Build.0 = Release|Any CPU
		{AC24E3C2-E5DA-4F7F-89D9-510390E619C1}.Debug|Any CPU.ActiveCfg = Debug|Any CPU
		{AC24E3C2-E5DA-4F7F-89D9-510390E619C1}.Debug|Any CPU.Build.0 = Debug|Any CPU
		{AC24E3C2-E5DA-4F7F-89D9-510390E619C1}.Release|Any CPU.ActiveCfg = Release|Any CPU
		{AC24E3C2-E5DA-4F7F-89D9-510390E619C1}.Release|Any CPU.Build.0 = Release|Any CPU
		{AC2EF87E-E04F-4917-9A0F-FD59254AA4E3}.Debug|Any CPU.ActiveCfg = Debug|Any CPU
		{AC2EF87E-E04F-4917-9A0F-FD59254AA4E3}.Debug|Any CPU.Build.0 = Debug|Any CPU
		{AC2EF87E-E04F-4917-9A0F-FD59254AA4E3}.Release|Any CPU.ActiveCfg = Release|Any CPU
		{AC2EF87E-E04F-4917-9A0F-FD59254AA4E3}.Release|Any CPU.Build.0 = Release|Any CPU
		{08D888AE-4E02-4EE3-BE7F-E832B0BFAD3E}.Debug|Any CPU.ActiveCfg = Debug|Any CPU
		{08D888AE-4E02-4EE3-BE7F-E832B0BFAD3E}.Debug|Any CPU.Build.0 = Debug|Any CPU
		{08D888AE-4E02-4EE3-BE7F-E832B0BFAD3E}.Release|Any CPU.ActiveCfg = Release|Any CPU
		{08D888AE-4E02-4EE3-BE7F-E832B0BFAD3E}.Release|Any CPU.Build.0 = Release|Any CPU
	EndGlobalSection
	GlobalSection(SolutionProperties) = preSolution
		HideSolutionNode = FALSE
	EndGlobalSection
EndGlobal
