
Microsoft Visual Studio Solution File, Format Version 12.00
# Visual Studio Version 16
VisualStudioVersion = 16.0.28714.193
MinimumVisualStudioVersion = 10.0.40219.1
Project("{9A19103F-16F7-4668-BE54-9A1E7A4F7556}") = "JsonRpc.Standard", "JsonRpc.Standard\JsonRpc.Standard.csproj", "{F8154EF9-1CCE-4D88-88C5-0F6BE293482C}"
EndProject
Project("{9A19103F-16F7-4668-BE54-9A1E7A4F7556}") = "UnitTestProject1", "UnitTestProject1\UnitTestProject1.csproj", "{4001216A-ED6F-415A-83C8-F13328A9141C}"
EndProject
Project("{9A19103F-16F7-4668-BE54-9A1E7A4F7556}") = "ConsoleTestApp", "ConsoleTestApp\ConsoleTestApp.csproj", "{A222E38E-FDBE-4D45-B6EC-C370F4FF2122}"
EndProject
Project("{9A19103F-16F7-4668-BE54-9A1E7A4F7556}") = "JsonRpc.AspNetCore", "JsonRpc.AspNetCore\JsonRpc.AspNetCore.csproj", "{AC24E3C2-E5DA-4F7F-89D9-510390E619C1}"
EndProject
Project("{9A19103F-16F7-4668-BE54-9A1E7A4F7556}") = "WebTestApplication", "WebTestApplication\WebTestApplication.csproj", "{AC2EF87E-E04F-4917-9A0F-FD59254AA4E3}"
EndProject
Project("{9A19103F-16F7-4668-BE54-9A1E7A4F7556}") = "JsonRpc.Streams", "JsonRpc.Streams\JsonRpc.Streams.csproj", "{08D888AE-4E02-4EE3-BE7F-E832B0BFAD3E}"
EndProject
Project("{9A19103F-16F7-4668-BE54-9A1E7A4F7556}") = "JsonRpc.Http", "JsonRpc.Http\JsonRpc.Http.csproj", "{A2C5CFCF-A140-434A-86A6-A88E39F7A44B}"
EndProject
Project("{2150E333-8FDC-42A3-9474-1A3956D46DE8}") = "SolutionFiles", "SolutionFiles", "{99877F6F-F25F-4CB6-AC28-0DBE8CC41365}"
EndProject
Project("{9A19103F-16F7-4668-BE54-9A1E7A4F7556}") = "JsonRpc.DynamicProxy", "JsonRpc.DynamicProxy\JsonRpc.DynamicProxy.csproj", "{2CFA9A4E-4A39-4CEA-B142-3359C67086E3}"
EndProject
Project("{9A19103F-16F7-4668-BE54-9A1E7A4F7556}") = "JsonRpc.WebSockets", "JsonRpc.WebSockets\JsonRpc.WebSockets.csproj", "{EB0000A3-9469-4AFA-86A4-6978AFE47A46}"
EndProject
Project("{7CF6DF6D-3B04-46F8-A40B-537D21BCA0B4}") = "DocumentationProject", "DocumentationProject\DocumentationProject.shfbproj", "{65AE44F9-3469-41B7-B9E5-2CEC18A3FBBD}"
EndProject
Global
	GlobalSection(SolutionConfigurationPlatforms) = preSolution
		Debug|Any CPU = Debug|Any CPU
		Documentation|Any CPU = Documentation|Any CPU
		Release|Any CPU = Release|Any CPU
	EndGlobalSection
	GlobalSection(ProjectConfigurationPlatforms) = postSolution
		{F8154EF9-1CCE-4D88-88C5-0F6BE293482C}.Debug|Any CPU.ActiveCfg = Debug|Any CPU
		{F8154EF9-1CCE-4D88-88C5-0F6BE293482C}.Debug|Any CPU.Build.0 = Debug|Any CPU
		{F8154EF9-1CCE-4D88-88C5-0F6BE293482C}.Documentation|Any CPU.ActiveCfg = Release|Any CPU
		{F8154EF9-1CCE-4D88-88C5-0F6BE293482C}.Documentation|Any CPU.Build.0 = Release|Any CPU
		{F8154EF9-1CCE-4D88-88C5-0F6BE293482C}.Release|Any CPU.ActiveCfg = Release|Any CPU
		{F8154EF9-1CCE-4D88-88C5-0F6BE293482C}.Release|Any CPU.Build.0 = Release|Any CPU
		{4001216A-ED6F-415A-83C8-F13328A9141C}.Debug|Any CPU.ActiveCfg = Debug|Any CPU
		{4001216A-ED6F-415A-83C8-F13328A9141C}.Debug|Any CPU.Build.0 = Debug|Any CPU
		{4001216A-ED6F-415A-83C8-F13328A9141C}.Documentation|Any CPU.ActiveCfg = Release|Any CPU
		{4001216A-ED6F-415A-83C8-F13328A9141C}.Documentation|Any CPU.Build.0 = Release|Any CPU
		{4001216A-ED6F-415A-83C8-F13328A9141C}.Release|Any CPU.ActiveCfg = Release|Any CPU
		{4001216A-ED6F-415A-83C8-F13328A9141C}.Release|Any CPU.Build.0 = Release|Any CPU
		{A222E38E-FDBE-4D45-B6EC-C370F4FF2122}.Debug|Any CPU.ActiveCfg = Debug|Any CPU
		{A222E38E-FDBE-4D45-B6EC-C370F4FF2122}.Debug|Any CPU.Build.0 = Debug|Any CPU
		{A222E38E-FDBE-4D45-B6EC-C370F4FF2122}.Documentation|Any CPU.ActiveCfg = Release|Any CPU
		{A222E38E-FDBE-4D45-B6EC-C370F4FF2122}.Documentation|Any CPU.Build.0 = Release|Any CPU
		{A222E38E-FDBE-4D45-B6EC-C370F4FF2122}.Release|Any CPU.ActiveCfg = Release|Any CPU
		{A222E38E-FDBE-4D45-B6EC-C370F4FF2122}.Release|Any CPU.Build.0 = Release|Any CPU
		{AC24E3C2-E5DA-4F7F-89D9-510390E619C1}.Debug|Any CPU.ActiveCfg = Debug|Any CPU
		{AC24E3C2-E5DA-4F7F-89D9-510390E619C1}.Debug|Any CPU.Build.0 = Debug|Any CPU
		{AC24E3C2-E5DA-4F7F-89D9-510390E619C1}.Documentation|Any CPU.ActiveCfg = Release|Any CPU
		{AC24E3C2-E5DA-4F7F-89D9-510390E619C1}.Documentation|Any CPU.Build.0 = Release|Any CPU
		{AC24E3C2-E5DA-4F7F-89D9-510390E619C1}.Release|Any CPU.ActiveCfg = Release|Any CPU
		{AC24E3C2-E5DA-4F7F-89D9-510390E619C1}.Release|Any CPU.Build.0 = Release|Any CPU
		{AC2EF87E-E04F-4917-9A0F-FD59254AA4E3}.Debug|Any CPU.ActiveCfg = Debug|Any CPU
		{AC2EF87E-E04F-4917-9A0F-FD59254AA4E3}.Debug|Any CPU.Build.0 = Debug|Any CPU
		{AC2EF87E-E04F-4917-9A0F-FD59254AA4E3}.Documentation|Any CPU.ActiveCfg = Release|Any CPU
		{AC2EF87E-E04F-4917-9A0F-FD59254AA4E3}.Documentation|Any CPU.Build.0 = Release|Any CPU
		{AC2EF87E-E04F-4917-9A0F-FD59254AA4E3}.Release|Any CPU.ActiveCfg = Release|Any CPU
		{AC2EF87E-E04F-4917-9A0F-FD59254AA4E3}.Release|Any CPU.Build.0 = Release|Any CPU
		{08D888AE-4E02-4EE3-BE7F-E832B0BFAD3E}.Debug|Any CPU.ActiveCfg = Debug|Any CPU
		{08D888AE-4E02-4EE3-BE7F-E832B0BFAD3E}.Debug|Any CPU.Build.0 = Debug|Any CPU
		{08D888AE-4E02-4EE3-BE7F-E832B0BFAD3E}.Documentation|Any CPU.ActiveCfg = Release|Any CPU
		{08D888AE-4E02-4EE3-BE7F-E832B0BFAD3E}.Documentation|Any CPU.Build.0 = Release|Any CPU
		{08D888AE-4E02-4EE3-BE7F-E832B0BFAD3E}.Release|Any CPU.ActiveCfg = Release|Any CPU
		{08D888AE-4E02-4EE3-BE7F-E832B0BFAD3E}.Release|Any CPU.Build.0 = Release|Any CPU
		{A2C5CFCF-A140-434A-86A6-A88E39F7A44B}.Debug|Any CPU.ActiveCfg = Debug|Any CPU
		{A2C5CFCF-A140-434A-86A6-A88E39F7A44B}.Debug|Any CPU.Build.0 = Debug|Any CPU
		{A2C5CFCF-A140-434A-86A6-A88E39F7A44B}.Documentation|Any CPU.ActiveCfg = Release|Any CPU
		{A2C5CFCF-A140-434A-86A6-A88E39F7A44B}.Documentation|Any CPU.Build.0 = Release|Any CPU
		{A2C5CFCF-A140-434A-86A6-A88E39F7A44B}.Release|Any CPU.ActiveCfg = Release|Any CPU
		{A2C5CFCF-A140-434A-86A6-A88E39F7A44B}.Release|Any CPU.Build.0 = Release|Any CPU
		{2CFA9A4E-4A39-4CEA-B142-3359C67086E3}.Debug|Any CPU.ActiveCfg = Debug|Any CPU
		{2CFA9A4E-4A39-4CEA-B142-3359C67086E3}.Debug|Any CPU.Build.0 = Debug|Any CPU
		{2CFA9A4E-4A39-4CEA-B142-3359C67086E3}.Documentation|Any CPU.ActiveCfg = Release|Any CPU
		{2CFA9A4E-4A39-4CEA-B142-3359C67086E3}.Documentation|Any CPU.Build.0 = Release|Any CPU
		{2CFA9A4E-4A39-4CEA-B142-3359C67086E3}.Release|Any CPU.ActiveCfg = Release|Any CPU
		{2CFA9A4E-4A39-4CEA-B142-3359C67086E3}.Release|Any CPU.Build.0 = Release|Any CPU
		{EB0000A3-9469-4AFA-86A4-6978AFE47A46}.Debug|Any CPU.ActiveCfg = Debug|Any CPU
		{EB0000A3-9469-4AFA-86A4-6978AFE47A46}.Debug|Any CPU.Build.0 = Debug|Any CPU
		{EB0000A3-9469-4AFA-86A4-6978AFE47A46}.Documentation|Any CPU.ActiveCfg = Release|Any CPU
		{EB0000A3-9469-4AFA-86A4-6978AFE47A46}.Documentation|Any CPU.Build.0 = Release|Any CPU
		{EB0000A3-9469-4AFA-86A4-6978AFE47A46}.Release|Any CPU.ActiveCfg = Release|Any CPU
		{EB0000A3-9469-4AFA-86A4-6978AFE47A46}.Release|Any CPU.Build.0 = Release|Any CPU
		{65AE44F9-3469-41B7-B9E5-2CEC18A3FBBD}.Debug|Any CPU.ActiveCfg = Debug|Any CPU
		{65AE44F9-3469-41B7-B9E5-2CEC18A3FBBD}.Documentation|Any CPU.ActiveCfg = Release|Any CPU
		{65AE44F9-3469-41B7-B9E5-2CEC18A3FBBD}.Documentation|Any CPU.Build.0 = Release|Any CPU
		{65AE44F9-3469-41B7-B9E5-2CEC18A3FBBD}.Release|Any CPU.ActiveCfg = Release|Any CPU
	EndGlobalSection
	GlobalSection(SolutionProperties) = preSolution
		HideSolutionNode = FALSE
	EndGlobalSection
	GlobalSection(ExtensibilityGlobals) = postSolution
		SolutionGuid = {CA2EA32D-AA29-45AE-A4E2-FAF8C117A1A1}
	EndGlobalSection
EndGlobal
